
Microsoft Visual Studio Solution File, Format Version 12.00
# Visual Studio Version 16
VisualStudioVersion = 16.0.29709.97
MinimumVisualStudioVersion = 10.0.40219.1
Project("{FAE04EC0-301F-11D3-BF4B-00C04F79EFBC}") = "VendingMachine", "VendingMachine\VendingMachine.csproj", "{D7E96A9A-F428-4EFA-BF34-7A5CF196EDE2}"
EndProject
Project("{FAE04EC0-301F-11D3-BF4B-00C04F79EFBC}") = "VendingMachineTests", "VendingMachineTests\VendingMachineTests.csproj", "{BBD359DD-6A13-4D13-A48E-F87EEFED0BA6}"
EndProject
Global
	GlobalSection(SolutionConfigurationPlatforms) = preSolution
		Debug|Any CPU = Debug|Any CPU
		Release|Any CPU = Release|Any CPU
	EndGlobalSection
	GlobalSection(ProjectConfigurationPlatforms) = postSolution
		{D7E96A9A-F428-4EFA-BF34-7A5CF196EDE2}.Debug|Any CPU.ActiveCfg = Debug|Any CPU
		{D7E96A9A-F428-4EFA-BF34-7A5CF196EDE2}.Debug|Any CPU.Build.0 = Debug|Any CPU
		{D7E96A9A-F428-4EFA-BF34-7A5CF196EDE2}.Release|Any CPU.ActiveCfg = Release|Any CPU
		{D7E96A9A-F428-4EFA-BF34-7A5CF196EDE2}.Release|Any CPU.Build.0 = Release|Any CPU
		{BBD359DD-6A13-4D13-A48E-F87EEFED0BA6}.Debug|Any CPU.ActiveCfg = Debug|Any CPU
		{BBD359DD-6A13-4D13-A48E-F87EEFED0BA6}.Debug|Any CPU.Build.0 = Debug|Any CPU
		{BBD359DD-6A13-4D13-A48E-F87EEFED0BA6}.Release|Any CPU.ActiveCfg = Release|Any CPU
		{BBD359DD-6A13-4D13-A48E-F87EEFED0BA6}.Release|Any CPU.Build.0 = Release|Any CPU
	EndGlobalSection
	GlobalSection(SolutionProperties) = preSolution
		HideSolutionNode = FALSE
	EndGlobalSection
	GlobalSection(ExtensibilityGlobals) = postSolution
		SolutionGuid = {1B4F2E2C-C98D-4413-9581-0F67A10D72B3}
	EndGlobalSection
EndGlobal
